// !$*UTF8*$!
{
	archiveVersion = 1;
	classes = {
	};
	objectVersion = 50;
	objects = {

/* Begin PBXBuildFile section */
		3D205C6326381C820058064C /* Localizable.strings in Resources */ = {isa = PBXBuildFile; fileRef = 3D205C6226381C820058064C /* Localizable.strings */; };
		3D205C6B26381EAB0058064C /* gRPCCertificates-Cpp.bundle in Resources */ = {isa = PBXBuildFile; fileRef = 3D205C6A26381EAB0058064C /* gRPCCertificates-Cpp.bundle */; };
		3D6B0FDD263D8031009D21A1 /* HeightSelfSizingCollectionView.swift in Sources */ = {isa = PBXBuildFile; fileRef = 3D6B0FDC263D8031009D21A1 /* HeightSelfSizingCollectionView.swift */; };
		3D6B0FE7263D85E0009D21A1 /* DateView.swift in Sources */ = {isa = PBXBuildFile; fileRef = 3D6B0FE6263D85E0009D21A1 /* DateView.swift */; };
		3D6B0FEC263E714D009D21A1 /* DateUtils.swift in Sources */ = {isa = PBXBuildFile; fileRef = 3D6B0FEB263E714D009D21A1 /* DateUtils.swift */; };
		3D6B0FF6263E76AA009D21A1 /* DescriptionView.swift in Sources */ = {isa = PBXBuildFile; fileRef = 3D6B0FF5263E76AA009D21A1 /* DescriptionView.swift */; };
		3D6D010426355E4300C30DD1 /* abseil.framework in Frameworks */ = {isa = PBXBuildFile; fileRef = 3D6DFFC1263555E700C30DD1 /* abseil.framework */; };
		3D6D010626355E4300C30DD1 /* BoringSSL-GRPC.framework in Frameworks */ = {isa = PBXBuildFile; fileRef = 3D6DFFC8263555E700C30DD1 /* BoringSSL-GRPC.framework */; };
		3D6D010826355E4300C30DD1 /* FIRAnalyticsConnector.framework in Frameworks */ = {isa = PBXBuildFile; fileRef = 3D6DFFBF263555E700C30DD1 /* FIRAnalyticsConnector.framework */; };
		3D6D010A26355E4300C30DD1 /* Firebase.framework in Frameworks */ = {isa = PBXBuildFile; fileRef = 3D6DFFC4263555E700C30DD1 /* Firebase.framework */; };
		3D6D010C26355E4300C30DD1 /* FirebaseAnalytics.framework in Frameworks */ = {isa = PBXBuildFile; fileRef = 3D6DFFC6263555E700C30DD1 /* FirebaseAnalytics.framework */; };
		3D6D010E26355E4400C30DD1 /* FirebaseAuth.framework in Frameworks */ = {isa = PBXBuildFile; fileRef = 3D6DFFC0263555E700C30DD1 /* FirebaseAuth.framework */; };
		3D6D011026355E4400C30DD1 /* FirebaseCore.framework in Frameworks */ = {isa = PBXBuildFile; fileRef = 3D6DFFBD263555E700C30DD1 /* FirebaseCore.framework */; };
		3D6D011226355E4400C30DD1 /* FirebaseCoreDiagnostics.framework in Frameworks */ = {isa = PBXBuildFile; fileRef = 3D6DFFCA263555E700C30DD1 /* FirebaseCoreDiagnostics.framework */; };
		3D6D011426355E4400C30DD1 /* FirebaseFirestore.framework in Frameworks */ = {isa = PBXBuildFile; fileRef = 3D6DFFC3263555E700C30DD1 /* FirebaseFirestore.framework */; };
		3D6D011626355E4400C30DD1 /* FirebaseInstallations.framework in Frameworks */ = {isa = PBXBuildFile; fileRef = 3D6DFFC2263555E700C30DD1 /* FirebaseInstallations.framework */; };
		3D6D011826355E4400C30DD1 /* GoogleAppMeasurement.framework in Frameworks */ = {isa = PBXBuildFile; fileRef = 3D6DFFC5263555E700C30DD1 /* GoogleAppMeasurement.framework */; };
		3D6D011A26355E4400C30DD1 /* GoogleDataTransport.framework in Frameworks */ = {isa = PBXBuildFile; fileRef = 3D6DFFC9263555E700C30DD1 /* GoogleDataTransport.framework */; };
		3D6D011C26355E4400C30DD1 /* GoogleUtilities.framework in Frameworks */ = {isa = PBXBuildFile; fileRef = 3D6DFFBB263555E700C30DD1 /* GoogleUtilities.framework */; };
		3D6D011E26355E4400C30DD1 /* gRPC-C++.framework in Frameworks */ = {isa = PBXBuildFile; fileRef = 3D6DFFBE263555E700C30DD1 /* gRPC-C++.framework */; };
		3D6D012026355E4400C30DD1 /* gRPC-Core.framework in Frameworks */ = {isa = PBXBuildFile; fileRef = 3D6DFFC7263555E700C30DD1 /* gRPC-Core.framework */; };
		3D6D012226355E4400C30DD1 /* GTMSessionFetcher.framework in Frameworks */ = {isa = PBXBuildFile; fileRef = 3D6DFFBA263555E700C30DD1 /* GTMSessionFetcher.framework */; };
		3D6D012426355E4400C30DD1 /* leveldb-library.framework in Frameworks */ = {isa = PBXBuildFile; fileRef = 3D6DFFBC263555E700C30DD1 /* leveldb-library.framework */; };
		3D6D012626355E4400C30DD1 /* MBCircularProgressBar.framework in Frameworks */ = {isa = PBXBuildFile; fileRef = 3D6DFF8B263548B200C30DD1 /* MBCircularProgressBar.framework */; };
		3D6D012726355E4400C30DD1 /* MBCircularProgressBar.framework in Embed Frameworks */ = {isa = PBXBuildFile; fileRef = 3D6DFF8B263548B200C30DD1 /* MBCircularProgressBar.framework */; settings = {ATTRIBUTES = (CodeSignOnCopy, RemoveHeadersOnCopy, ); }; };
		3D6D012826355E4400C30DD1 /* nanopb.framework in Frameworks */ = {isa = PBXBuildFile; fileRef = 3D6DFFF0263555F200C30DD1 /* nanopb.framework */; };
		3D6D012A26355E4400C30DD1 /* PromisesObjC.framework in Frameworks */ = {isa = PBXBuildFile; fileRef = 3D6DFFEF263555F200C30DD1 /* PromisesObjC.framework */; };
		3D6D0153263576F700C30DD1 /* MBCircularProgressBar.bundle in Resources */ = {isa = PBXBuildFile; fileRef = 3D6D0152263576F700C30DD1 /* MBCircularProgressBar.bundle */; };
		3D6DFF2A26353E3E00C30DD1 /* AppDelegate.swift in Sources */ = {isa = PBXBuildFile; fileRef = 3D6DFF2926353E3E00C30DD1 /* AppDelegate.swift */; };
		3D6DFF2E26353E3E00C30DD1 /* ViewController.swift in Sources */ = {isa = PBXBuildFile; fileRef = 3D6DFF2D26353E3E00C30DD1 /* ViewController.swift */; };
		3D6DFF3326353E3F00C30DD1 /* Assets.xcassets in Resources */ = {isa = PBXBuildFile; fileRef = 3D6DFF3226353E3F00C30DD1 /* Assets.xcassets */; };
		3D6DFF4126353E3F00C30DD1 /* PatientMoneyTests.swift in Sources */ = {isa = PBXBuildFile; fileRef = 3D6DFF4026353E3F00C30DD1 /* PatientMoneyTests.swift */; };
		3D6DFF4C26353E3F00C30DD1 /* PatientMoneyUITests.swift in Sources */ = {isa = PBXBuildFile; fileRef = 3D6DFF4B26353E3F00C30DD1 /* PatientMoneyUITests.swift */; };
		3D6DFF80263546EA00C30DD1 /* LaunchScreen.storyboard in Resources */ = {isa = PBXBuildFile; fileRef = 3D6DFF7F263546EA00C30DD1 /* LaunchScreen.storyboard */; };
		3D6DFFB7263554B900C30DD1 /* GoogleService-Info.plist in Resources */ = {isa = PBXBuildFile; fileRef = 3D6DFFB6263554B900C30DD1 /* GoogleService-Info.plist */; };
		3DE103C82638360000F724B8 /* Strings.swift in Sources */ = {isa = PBXBuildFile; fileRef = 3DE103C72638360000F724B8 /* Strings.swift */; };
		3DE103CC2638360800F724B8 /* Asset.swift in Sources */ = {isa = PBXBuildFile; fileRef = 3DE103CB2638360800F724B8 /* Asset.swift */; };
		3DE103D8263A804E00F724B8 /* FirebaseAuthManager.swift in Sources */ = {isa = PBXBuildFile; fileRef = 3DE103D7263A804E00F724B8 /* FirebaseAuthManager.swift */; };
		3DE103E6263ACBE100F724B8 /* AuthViewController.swift in Sources */ = {isa = PBXBuildFile; fileRef = 3DE103E5263ACBE100F724B8 /* AuthViewController.swift */; };
		3DE103ED263AE65A00F724B8 /* ColorsExtension.swift in Sources */ = {isa = PBXBuildFile; fileRef = 3DE103EC263AE65A00F724B8 /* ColorsExtension.swift */; };
		3DE103F4263AE67F00F724B8 /* PatienceTextField.swift in Sources */ = {isa = PBXBuildFile; fileRef = 3DE103F3263AE67F00F724B8 /* PatienceTextField.swift */; };
		3DE10408263B976700F724B8 /* AuthContract.swift in Sources */ = {isa = PBXBuildFile; fileRef = 3DE10407263B976700F724B8 /* AuthContract.swift */; };
		3DE1041A263BEDE900F724B8 /* FlatButton.swift in Sources */ = {isa = PBXBuildFile; fileRef = 3DE10419263BEDE900F724B8 /* FlatButton.swift */; };
		3DE10427263C008900F724B8 /* SignUpViewController.swift in Sources */ = {isa = PBXBuildFile; fileRef = 3DE10426263C008900F724B8 /* SignUpViewController.swift */; };
		3DE1042B263C013800F724B8 /* SignInViewController.swift in Sources */ = {isa = PBXBuildFile; fileRef = 3DE1042A263C013800F724B8 /* SignInViewController.swift */; };
		3DE10436263C0B1000F724B8 /* AuthRouter.swift in Sources */ = {isa = PBXBuildFile; fileRef = 3DE10435263C0B1000F724B8 /* AuthRouter.swift */; };
		3DE1043D263C0C4700F724B8 /* AuthPresenter.swift in Sources */ = {isa = PBXBuildFile; fileRef = 3DE1043C263C0C4700F724B8 /* AuthPresenter.swift */; };
		3DE10449263C725200F724B8 /*  AuthInteractor.swift in Sources */ = {isa = PBXBuildFile; fileRef = 3DE10448263C725200F724B8 /*  AuthInteractor.swift */; };
		3DE10495263D36B500F724B8 /* FontAwesome.swift in Sources */ = {isa = PBXBuildFile; fileRef = 3DE10494263D36B500F724B8 /* FontAwesome.swift */; };
		3DE1049A263D36E900F724B8 /* NSAttributedStrinfExtension.swift in Sources */ = {isa = PBXBuildFile; fileRef = 3DE10499263D36E900F724B8 /* NSAttributedStrinfExtension.swift */; };
		3DE104A6263D383C00F724B8 /* Font Awesome 5 Brands-Regular-400.otf in Resources */ = {isa = PBXBuildFile; fileRef = 3DE104A3263D383C00F724B8 /* Font Awesome 5 Brands-Regular-400.otf */; };
		3DE104A7263D383C00F724B8 /* Font Awesome 5 Free-Solid-900.otf in Resources */ = {isa = PBXBuildFile; fileRef = 3DE104A4263D383C00F724B8 /* Font Awesome 5 Free-Solid-900.otf */; };
		3DE104A8263D383C00F724B8 /* Font Awesome 5 Free-Regular-400.otf in Resources */ = {isa = PBXBuildFile; fileRef = 3DE104A5263D383C00F724B8 /* Font Awesome 5 Free-Regular-400.otf */; };
		3DE104B1263D3BEC00F724B8 /* CategoriesView.swift in Sources */ = {isa = PBXBuildFile; fileRef = 3DE104B0263D3BEC00F724B8 /* CategoriesView.swift */; };
/* End PBXBuildFile section */

/* Begin PBXContainerItemProxy section */
		3D6DFF3D26353E3F00C30DD1 /* PBXContainerItemProxy */ = {
			isa = PBXContainerItemProxy;
			containerPortal = 3D6DFF1E26353E3E00C30DD1 /* Project object */;
			proxyType = 1;
			remoteGlobalIDString = 3D6DFF2526353E3E00C30DD1;
			remoteInfo = PatientMoney;
		};
		3D6DFF4826353E3F00C30DD1 /* PBXContainerItemProxy */ = {
			isa = PBXContainerItemProxy;
			containerPortal = 3D6DFF1E26353E3E00C30DD1 /* Project object */;
			proxyType = 1;
			remoteGlobalIDString = 3D6DFF2526353E3E00C30DD1;
			remoteInfo = PatientMoney;
		};
/* End PBXContainerItemProxy section */

/* Begin PBXCopyFilesBuildPhase section */
		3D6D012C26355E4500C30DD1 /* Embed Frameworks */ = {
			isa = PBXCopyFilesBuildPhase;
			buildActionMask = 2147483647;
			dstPath = "";
			dstSubfolderSpec = 10;
			files = (
				3D6D012726355E4400C30DD1 /* MBCircularProgressBar.framework in Embed Frameworks */,
			);
			name = "Embed Frameworks";
			runOnlyForDeploymentPostprocessing = 0;
		};
/* End PBXCopyFilesBuildPhase section */

/* Begin PBXFileReference section */
		3D205C6226381C820058064C /* Localizable.strings */ = {isa = PBXFileReference; lastKnownFileType = text.plist.strings; path = Localizable.strings; sourceTree = "<group>"; };
		3D205C6A26381EAB0058064C /* gRPCCertificates-Cpp.bundle */ = {isa = PBXFileReference; lastKnownFileType = "wrapper.plug-in"; name = "gRPCCertificates-Cpp.bundle"; path = "../../Carthage/Build/iOS/gRPC-C++.framework/Resources/gRPCCertificates-Cpp.bundle"; sourceTree = "<group>"; };
		3D6B0FDC263D8031009D21A1 /* HeightSelfSizingCollectionView.swift */ = {isa = PBXFileReference; lastKnownFileType = sourcecode.swift; path = HeightSelfSizingCollectionView.swift; sourceTree = "<group>"; };
		3D6B0FE6263D85E0009D21A1 /* DateView.swift */ = {isa = PBXFileReference; lastKnownFileType = sourcecode.swift; path = DateView.swift; sourceTree = "<group>"; };
		3D6B0FEB263E714D009D21A1 /* DateUtils.swift */ = {isa = PBXFileReference; lastKnownFileType = sourcecode.swift; path = DateUtils.swift; sourceTree = "<group>"; };
		3D6B0FF5263E76AA009D21A1 /* DescriptionView.swift */ = {isa = PBXFileReference; lastKnownFileType = sourcecode.swift; path = DescriptionView.swift; sourceTree = "<group>"; };
		3D6D003D2635590100C30DD1 /* Build */ = {isa = PBXFileReference; lastKnownFileType = folder; name = Build; path = Carthage/Build; sourceTree = "<group>"; };
		3D6D00A126355BA400C30DD1 /* FirebaseFirestore.framework */ = {isa = PBXFileReference; lastKnownFileType = wrapper.framework; name = FirebaseFirestore.framework; path = Carthage/Build/iOS/FirebaseFirestore.framework; sourceTree = "<group>"; };
		3D6D00A226355BA400C30DD1 /* BoringSSL-GRPC.framework */ = {isa = PBXFileReference; lastKnownFileType = wrapper.framework; name = "BoringSSL-GRPC.framework"; path = "Carthage/Build/iOS/BoringSSL-GRPC.framework"; sourceTree = "<group>"; };
		3D6D00A326355BA400C30DD1 /* FirebaseInstallations.framework */ = {isa = PBXFileReference; lastKnownFileType = wrapper.framework; name = FirebaseInstallations.framework; path = Carthage/Build/iOS/FirebaseInstallations.framework; sourceTree = "<group>"; };
		3D6D00A426355BA400C30DD1 /* Firebase.framework */ = {isa = PBXFileReference; lastKnownFileType = wrapper.framework; name = Firebase.framework; path = Carthage/Build/iOS/Firebase.framework; sourceTree = "<group>"; };
		3D6D00A526355BA400C30DD1 /* GoogleDataTransport.framework */ = {isa = PBXFileReference; lastKnownFileType = wrapper.framework; name = GoogleDataTransport.framework; path = Carthage/Build/iOS/GoogleDataTransport.framework; sourceTree = "<group>"; };
		3D6D00A626355BA500C30DD1 /* gRPC-C++.framework */ = {isa = PBXFileReference; lastKnownFileType = wrapper.framework; name = "gRPC-C++.framework"; path = "Carthage/Build/iOS/gRPC-C++.framework"; sourceTree = "<group>"; };
		3D6D00A726355BA500C30DD1 /* gRPC-Core.framework */ = {isa = PBXFileReference; lastKnownFileType = wrapper.framework; name = "gRPC-Core.framework"; path = "Carthage/Build/iOS/gRPC-Core.framework"; sourceTree = "<group>"; };
		3D6D00A826355BA500C30DD1 /* GTMSessionFetcher.framework */ = {isa = PBXFileReference; lastKnownFileType = wrapper.framework; name = GTMSessionFetcher.framework; path = Carthage/Build/iOS/GTMSessionFetcher.framework; sourceTree = "<group>"; };
		3D6D00A926355BA500C30DD1 /* MBCircularProgressBar.framework */ = {isa = PBXFileReference; lastKnownFileType = wrapper.framework; name = MBCircularProgressBar.framework; path = Carthage/Build/iOS/MBCircularProgressBar.framework; sourceTree = "<group>"; };
		3D6D00AA26355BA500C30DD1 /* GoogleUtilities.framework */ = {isa = PBXFileReference; lastKnownFileType = wrapper.framework; name = GoogleUtilities.framework; path = Carthage/Build/iOS/GoogleUtilities.framework; sourceTree = "<group>"; };
		3D6D00AB26355BA500C30DD1 /* FirebaseAuth.framework */ = {isa = PBXFileReference; lastKnownFileType = wrapper.framework; name = FirebaseAuth.framework; path = Carthage/Build/iOS/FirebaseAuth.framework; sourceTree = "<group>"; };
		3D6D00AC26355BA500C30DD1 /* FirebaseCoreDiagnostics.framework */ = {isa = PBXFileReference; lastKnownFileType = wrapper.framework; name = FirebaseCoreDiagnostics.framework; path = Carthage/Build/iOS/FirebaseCoreDiagnostics.framework; sourceTree = "<group>"; };
		3D6D00AD26355BA500C30DD1 /* abseil.framework */ = {isa = PBXFileReference; lastKnownFileType = wrapper.framework; name = abseil.framework; path = Carthage/Build/iOS/abseil.framework; sourceTree = "<group>"; };
		3D6D00AE26355BA500C30DD1 /* FirebaseCore.framework */ = {isa = PBXFileReference; lastKnownFileType = wrapper.framework; name = FirebaseCore.framework; path = Carthage/Build/iOS/FirebaseCore.framework; sourceTree = "<group>"; };
		3D6D00AF26355BA500C30DD1 /* GoogleAppMeasurement.framework */ = {isa = PBXFileReference; lastKnownFileType = wrapper.framework; name = GoogleAppMeasurement.framework; path = Carthage/Build/iOS/GoogleAppMeasurement.framework; sourceTree = "<group>"; };
		3D6D00B026355BA500C30DD1 /* FIRAnalyticsConnector.framework */ = {isa = PBXFileReference; lastKnownFileType = wrapper.framework; name = FIRAnalyticsConnector.framework; path = Carthage/Build/iOS/FIRAnalyticsConnector.framework; sourceTree = "<group>"; };
		3D6D00B126355BA500C30DD1 /* FirebaseAnalytics.framework */ = {isa = PBXFileReference; lastKnownFileType = wrapper.framework; name = FirebaseAnalytics.framework; path = Carthage/Build/iOS/FirebaseAnalytics.framework; sourceTree = "<group>"; };
		3D6D00B226355BA500C30DD1 /* leveldb-library.framework */ = {isa = PBXFileReference; lastKnownFileType = wrapper.framework; name = "leveldb-library.framework"; path = "Carthage/Build/iOS/leveldb-library.framework"; sourceTree = "<group>"; };
		3D6D012D26355E4500C30DD1 /* MBCircularProgressBar.framework.dSYM */ = {isa = PBXFileReference; lastKnownFileType = wrapper.dsym; name = MBCircularProgressBar.framework.dSYM; path = Carthage/Build/iOS/MBCircularProgressBar.framework.dSYM; sourceTree = "<group>"; };
		3D6D0152263576F700C30DD1 /* MBCircularProgressBar.bundle */ = {isa = PBXFileReference; lastKnownFileType = "wrapper.plug-in"; name = MBCircularProgressBar.bundle; path = Carthage/Build/iOS/MBCircularProgressBar.framework/MBCircularProgressBar.bundle; sourceTree = SOURCE_ROOT; };
		3D6DFF2626353E3E00C30DD1 /* PatientMoney.app */ = {isa = PBXFileReference; explicitFileType = wrapper.application; includeInIndex = 0; path = PatientMoney.app; sourceTree = BUILT_PRODUCTS_DIR; };
		3D6DFF2926353E3E00C30DD1 /* AppDelegate.swift */ = {isa = PBXFileReference; lastKnownFileType = sourcecode.swift; path = AppDelegate.swift; sourceTree = "<group>"; };
		3D6DFF2D26353E3E00C30DD1 /* ViewController.swift */ = {isa = PBXFileReference; lastKnownFileType = sourcecode.swift; path = ViewController.swift; sourceTree = "<group>"; };
		3D6DFF3226353E3F00C30DD1 /* Assets.xcassets */ = {isa = PBXFileReference; lastKnownFileType = folder.assetcatalog; path = Assets.xcassets; sourceTree = "<group>"; };
		3D6DFF3726353E3F00C30DD1 /* Info.plist */ = {isa = PBXFileReference; lastKnownFileType = text.plist.xml; path = Info.plist; sourceTree = "<group>"; };
		3D6DFF3C26353E3F00C30DD1 /* PatientMoneyTests.xctest */ = {isa = PBXFileReference; explicitFileType = wrapper.cfbundle; includeInIndex = 0; path = PatientMoneyTests.xctest; sourceTree = BUILT_PRODUCTS_DIR; };
		3D6DFF4026353E3F00C30DD1 /* PatientMoneyTests.swift */ = {isa = PBXFileReference; lastKnownFileType = sourcecode.swift; path = PatientMoneyTests.swift; sourceTree = "<group>"; };
		3D6DFF4226353E3F00C30DD1 /* Info.plist */ = {isa = PBXFileReference; lastKnownFileType = text.plist.xml; path = Info.plist; sourceTree = "<group>"; };
		3D6DFF4726353E3F00C30DD1 /* PatientMoneyUITests.xctest */ = {isa = PBXFileReference; explicitFileType = wrapper.cfbundle; includeInIndex = 0; path = PatientMoneyUITests.xctest; sourceTree = BUILT_PRODUCTS_DIR; };
		3D6DFF4B26353E3F00C30DD1 /* PatientMoneyUITests.swift */ = {isa = PBXFileReference; lastKnownFileType = sourcecode.swift; path = PatientMoneyUITests.swift; sourceTree = "<group>"; };
		3D6DFF4D26353E3F00C30DD1 /* Info.plist */ = {isa = PBXFileReference; lastKnownFileType = text.plist.xml; path = Info.plist; sourceTree = "<group>"; };
		3D6DFF7F263546EA00C30DD1 /* LaunchScreen.storyboard */ = {isa = PBXFileReference; lastKnownFileType = file.storyboard; path = LaunchScreen.storyboard; sourceTree = "<group>"; };
		3D6DFF8B263548B200C30DD1 /* MBCircularProgressBar.framework */ = {isa = PBXFileReference; lastKnownFileType = wrapper.framework; name = MBCircularProgressBar.framework; path = Carthage/Build/iOS/MBCircularProgressBar.framework; sourceTree = "<group>"; };
		3D6DFFB6263554B900C30DD1 /* GoogleService-Info.plist */ = {isa = PBXFileReference; fileEncoding = 4; lastKnownFileType = text.plist.xml; path = "GoogleService-Info.plist"; sourceTree = "<group>"; };
		3D6DFFBA263555E700C30DD1 /* GTMSessionFetcher.framework */ = {isa = PBXFileReference; lastKnownFileType = wrapper.framework; name = GTMSessionFetcher.framework; path = Carthage/Build/iOS/GTMSessionFetcher.framework; sourceTree = "<group>"; };
		3D6DFFBB263555E700C30DD1 /* GoogleUtilities.framework */ = {isa = PBXFileReference; lastKnownFileType = wrapper.framework; name = GoogleUtilities.framework; path = Carthage/Build/iOS/GoogleUtilities.framework; sourceTree = "<group>"; };
		3D6DFFBC263555E700C30DD1 /* leveldb-library.framework */ = {isa = PBXFileReference; lastKnownFileType = wrapper.framework; name = "leveldb-library.framework"; path = "Carthage/Build/iOS/leveldb-library.framework"; sourceTree = "<group>"; };
		3D6DFFBD263555E700C30DD1 /* FirebaseCore.framework */ = {isa = PBXFileReference; lastKnownFileType = wrapper.framework; name = FirebaseCore.framework; path = Carthage/Build/iOS/FirebaseCore.framework; sourceTree = "<group>"; };
		3D6DFFBE263555E700C30DD1 /* gRPC-C++.framework */ = {isa = PBXFileReference; lastKnownFileType = wrapper.framework; name = "gRPC-C++.framework"; path = "Carthage/Build/iOS/gRPC-C++.framework"; sourceTree = "<group>"; };
		3D6DFFBF263555E700C30DD1 /* FIRAnalyticsConnector.framework */ = {isa = PBXFileReference; lastKnownFileType = wrapper.framework; name = FIRAnalyticsConnector.framework; path = Carthage/Build/iOS/FIRAnalyticsConnector.framework; sourceTree = "<group>"; };
		3D6DFFC0263555E700C30DD1 /* FirebaseAuth.framework */ = {isa = PBXFileReference; lastKnownFileType = wrapper.framework; name = FirebaseAuth.framework; path = Carthage/Build/iOS/FirebaseAuth.framework; sourceTree = "<group>"; };
		3D6DFFC1263555E700C30DD1 /* abseil.framework */ = {isa = PBXFileReference; lastKnownFileType = wrapper.framework; name = abseil.framework; path = Carthage/Build/iOS/abseil.framework; sourceTree = "<group>"; };
		3D6DFFC2263555E700C30DD1 /* FirebaseInstallations.framework */ = {isa = PBXFileReference; lastKnownFileType = wrapper.framework; name = FirebaseInstallations.framework; path = Carthage/Build/iOS/FirebaseInstallations.framework; sourceTree = "<group>"; };
		3D6DFFC3263555E700C30DD1 /* FirebaseFirestore.framework */ = {isa = PBXFileReference; lastKnownFileType = wrapper.framework; name = FirebaseFirestore.framework; path = Carthage/Build/iOS/FirebaseFirestore.framework; sourceTree = "<group>"; };
		3D6DFFC4263555E700C30DD1 /* Firebase.framework */ = {isa = PBXFileReference; lastKnownFileType = wrapper.framework; name = Firebase.framework; path = Carthage/Build/iOS/Firebase.framework; sourceTree = "<group>"; };
		3D6DFFC5263555E700C30DD1 /* GoogleAppMeasurement.framework */ = {isa = PBXFileReference; lastKnownFileType = wrapper.framework; name = GoogleAppMeasurement.framework; path = Carthage/Build/iOS/GoogleAppMeasurement.framework; sourceTree = "<group>"; };
		3D6DFFC6263555E700C30DD1 /* FirebaseAnalytics.framework */ = {isa = PBXFileReference; lastKnownFileType = wrapper.framework; name = FirebaseAnalytics.framework; path = Carthage/Build/iOS/FirebaseAnalytics.framework; sourceTree = "<group>"; };
		3D6DFFC7263555E700C30DD1 /* gRPC-Core.framework */ = {isa = PBXFileReference; lastKnownFileType = wrapper.framework; name = "gRPC-Core.framework"; path = "Carthage/Build/iOS/gRPC-Core.framework"; sourceTree = "<group>"; };
		3D6DFFC8263555E700C30DD1 /* BoringSSL-GRPC.framework */ = {isa = PBXFileReference; lastKnownFileType = wrapper.framework; name = "BoringSSL-GRPC.framework"; path = "Carthage/Build/iOS/BoringSSL-GRPC.framework"; sourceTree = "<group>"; };
		3D6DFFC9263555E700C30DD1 /* GoogleDataTransport.framework */ = {isa = PBXFileReference; lastKnownFileType = wrapper.framework; name = GoogleDataTransport.framework; path = Carthage/Build/iOS/GoogleDataTransport.framework; sourceTree = "<group>"; };
		3D6DFFCA263555E700C30DD1 /* FirebaseCoreDiagnostics.framework */ = {isa = PBXFileReference; lastKnownFileType = wrapper.framework; name = FirebaseCoreDiagnostics.framework; path = Carthage/Build/iOS/FirebaseCoreDiagnostics.framework; sourceTree = "<group>"; };
		3D6DFFEF263555F200C30DD1 /* PromisesObjC.framework */ = {isa = PBXFileReference; lastKnownFileType = wrapper.framework; name = PromisesObjC.framework; path = Carthage/Build/iOS/PromisesObjC.framework; sourceTree = "<group>"; };
		3D6DFFF0263555F200C30DD1 /* nanopb.framework */ = {isa = PBXFileReference; lastKnownFileType = wrapper.framework; name = nanopb.framework; path = Carthage/Build/iOS/nanopb.framework; sourceTree = "<group>"; };
		3DE103C72638360000F724B8 /* Strings.swift */ = {isa = PBXFileReference; fileEncoding = 4; lastKnownFileType = sourcecode.swift; name = Strings.swift; path = Generated/Strings.swift; sourceTree = "<group>"; };
		3DE103CB2638360800F724B8 /* Asset.swift */ = {isa = PBXFileReference; fileEncoding = 4; lastKnownFileType = sourcecode.swift; name = Asset.swift; path = Generated/Asset.swift; sourceTree = "<group>"; };
		3DE103D7263A804E00F724B8 /* FirebaseAuthManager.swift */ = {isa = PBXFileReference; lastKnownFileType = sourcecode.swift; path = FirebaseAuthManager.swift; sourceTree = "<group>"; };
		3DE103E5263ACBE100F724B8 /* AuthViewController.swift */ = {isa = PBXFileReference; lastKnownFileType = sourcecode.swift; path = AuthViewController.swift; sourceTree = "<group>"; };
		3DE103EC263AE65A00F724B8 /* ColorsExtension.swift */ = {isa = PBXFileReference; lastKnownFileType = sourcecode.swift; path = ColorsExtension.swift; sourceTree = "<group>"; };
		3DE103F3263AE67F00F724B8 /* PatienceTextField.swift */ = {isa = PBXFileReference; lastKnownFileType = sourcecode.swift; path = PatienceTextField.swift; sourceTree = "<group>"; };
		3DE10407263B976700F724B8 /* AuthContract.swift */ = {isa = PBXFileReference; lastKnownFileType = sourcecode.swift; path = AuthContract.swift; sourceTree = "<group>"; };
		3DE10419263BEDE900F724B8 /* FlatButton.swift */ = {isa = PBXFileReference; lastKnownFileType = sourcecode.swift; path = FlatButton.swift; sourceTree = "<group>"; };
		3DE10426263C008900F724B8 /* SignUpViewController.swift */ = {isa = PBXFileReference; lastKnownFileType = sourcecode.swift; path = SignUpViewController.swift; sourceTree = "<group>"; };
		3DE1042A263C013800F724B8 /* SignInViewController.swift */ = {isa = PBXFileReference; lastKnownFileType = sourcecode.swift; path = SignInViewController.swift; sourceTree = "<group>"; };
		3DE10435263C0B1000F724B8 /* AuthRouter.swift */ = {isa = PBXFileReference; lastKnownFileType = sourcecode.swift; path = AuthRouter.swift; sourceTree = "<group>"; };
		3DE1043C263C0C4700F724B8 /* AuthPresenter.swift */ = {isa = PBXFileReference; lastKnownFileType = sourcecode.swift; path = AuthPresenter.swift; sourceTree = "<group>"; };
		3DE10448263C725200F724B8 /*  AuthInteractor.swift */ = {isa = PBXFileReference; lastKnownFileType = sourcecode.swift; path = " AuthInteractor.swift"; sourceTree = "<group>"; };
		3DE10494263D36B500F724B8 /* FontAwesome.swift */ = {isa = PBXFileReference; lastKnownFileType = sourcecode.swift; path = FontAwesome.swift; sourceTree = "<group>"; };
		3DE10499263D36E900F724B8 /* NSAttributedStrinfExtension.swift */ = {isa = PBXFileReference; lastKnownFileType = sourcecode.swift; path = NSAttributedStrinfExtension.swift; sourceTree = "<group>"; };
		3DE104A3263D383C00F724B8 /* Font Awesome 5 Brands-Regular-400.otf */ = {isa = PBXFileReference; lastKnownFileType = file; path = "Font Awesome 5 Brands-Regular-400.otf"; sourceTree = "<group>"; };
		3DE104A4263D383C00F724B8 /* Font Awesome 5 Free-Solid-900.otf */ = {isa = PBXFileReference; lastKnownFileType = file; path = "Font Awesome 5 Free-Solid-900.otf"; sourceTree = "<group>"; };
		3DE104A5263D383C00F724B8 /* Font Awesome 5 Free-Regular-400.otf */ = {isa = PBXFileReference; lastKnownFileType = file; path = "Font Awesome 5 Free-Regular-400.otf"; sourceTree = "<group>"; };
		3DE104B0263D3BEC00F724B8 /* CategoriesView.swift */ = {isa = PBXFileReference; lastKnownFileType = sourcecode.swift; path = CategoriesView.swift; sourceTree = "<group>"; };
/* End PBXFileReference section */

/* Begin PBXFrameworksBuildPhase section */
		3D6DFF2326353E3E00C30DD1 /* Frameworks */ = {
			isa = PBXFrameworksBuildPhase;
			buildActionMask = 2147483647;
			files = (
				3D6D012826355E4400C30DD1 /* nanopb.framework in Frameworks */,
				3D6D010626355E4300C30DD1 /* BoringSSL-GRPC.framework in Frameworks */,
				3D6D011626355E4400C30DD1 /* FirebaseInstallations.framework in Frameworks */,
				3D6D011E26355E4400C30DD1 /* gRPC-C++.framework in Frameworks */,
				3D6D011826355E4400C30DD1 /* GoogleAppMeasurement.framework in Frameworks */,
				3D6D012226355E4400C30DD1 /* GTMSessionFetcher.framework in Frameworks */,
				3D6D010826355E4300C30DD1 /* FIRAnalyticsConnector.framework in Frameworks */,
				3D6D010426355E4300C30DD1 /* abseil.framework in Frameworks */,
				3D6D010E26355E4400C30DD1 /* FirebaseAuth.framework in Frameworks */,
				3D6D011026355E4400C30DD1 /* FirebaseCore.framework in Frameworks */,
				3D6D012A26355E4400C30DD1 /* PromisesObjC.framework in Frameworks */,
				3D6D012426355E4400C30DD1 /* leveldb-library.framework in Frameworks */,
				3D6D011426355E4400C30DD1 /* FirebaseFirestore.framework in Frameworks */,
				3D6D011226355E4400C30DD1 /* FirebaseCoreDiagnostics.framework in Frameworks */,
				3D6D011A26355E4400C30DD1 /* GoogleDataTransport.framework in Frameworks */,
				3D6D012626355E4400C30DD1 /* MBCircularProgressBar.framework in Frameworks */,
				3D6D012026355E4400C30DD1 /* gRPC-Core.framework in Frameworks */,
				3D6D010A26355E4300C30DD1 /* Firebase.framework in Frameworks */,
				3D6D011C26355E4400C30DD1 /* GoogleUtilities.framework in Frameworks */,
				3D6D010C26355E4300C30DD1 /* FirebaseAnalytics.framework in Frameworks */,
			);
			runOnlyForDeploymentPostprocessing = 0;
		};
		3D6DFF3926353E3F00C30DD1 /* Frameworks */ = {
			isa = PBXFrameworksBuildPhase;
			buildActionMask = 2147483647;
			files = (
			);
			runOnlyForDeploymentPostprocessing = 0;
		};
		3D6DFF4426353E3F00C30DD1 /* Frameworks */ = {
			isa = PBXFrameworksBuildPhase;
			buildActionMask = 2147483647;
			files = (
			);
			runOnlyForDeploymentPostprocessing = 0;
		};
/* End PBXFrameworksBuildPhase section */

/* Begin PBXGroup section */
		3D205C6626381D4C0058064C /* Resources */ = {
			isa = PBXGroup;
			children = (
				3DE104AB263D384100F724B8 /* Font */,
				3D205C6A26381EAB0058064C /* gRPCCertificates-Cpp.bundle */,
				3D6DFF3226353E3F00C30DD1 /* Assets.xcassets */,
				3D6D0152263576F700C30DD1 /* MBCircularProgressBar.bundle */,
				3D205C6226381C820058064C /* Localizable.strings */,
				3DE10494263D36B500F724B8 /* FontAwesome.swift */,
			);
			path = Resources;
			sourceTree = "<group>";
		};
		3D205C6726381E160058064C /* Generated */ = {
			isa = PBXGroup;
			children = (
				3DE103CB2638360800F724B8 /* Asset.swift */,
				3DE103C72638360000F724B8 /* Strings.swift */,
			);
			name = Generated;
			sourceTree = "<group>";
		};
		3D6B0FEA263E713E009D21A1 /* Util */ = {
			isa = PBXGroup;
			children = (
				3D6B0FEB263E714D009D21A1 /* DateUtils.swift */,
			);
			path = Util;
			sourceTree = "<group>";
		};
		3D6DFF1D26353E3E00C30DD1 = {
			isa = PBXGroup;
			children = (
				3D6DFF2826353E3E00C30DD1 /* PatientMoney */,
				3D6DFF3F26353E3F00C30DD1 /* PatientMoneyTests */,
				3D6DFF4A26353E3F00C30DD1 /* PatientMoneyUITests */,
				3D6DFF2726353E3E00C30DD1 /* Products */,
				3D6DFF8A263548B200C30DD1 /* Frameworks */,
			);
			sourceTree = "<group>";
		};
		3D6DFF2726353E3E00C30DD1 /* Products */ = {
			isa = PBXGroup;
			children = (
				3D6DFF2626353E3E00C30DD1 /* PatientMoney.app */,
				3D6DFF3C26353E3F00C30DD1 /* PatientMoneyTests.xctest */,
				3D6DFF4726353E3F00C30DD1 /* PatientMoneyUITests.xctest */,
			);
			name = Products;
			sourceTree = "<group>";
		};
		3D6DFF2826353E3E00C30DD1 /* PatientMoney */ = {
			isa = PBXGroup;
			children = (
				3D6B0FEA263E713E009D21A1 /* Util */,
				3DE104AE263D3BC700F724B8 /* PatienceRegister */,
				3DE103F2263AE67100F724B8 /* ViewComponent */,
				3DE103EB263AE64900F724B8 /* Extension */,
				3DE103E3263ACBC900F724B8 /* Auth */,
				3DE103D6263A803A00F724B8 /* Firebase */,
				3D205C6726381E160058064C /* Generated */,
				3D205C6626381D4C0058064C /* Resources */,
				3D6DFFB52635548E00C30DD1 /* GoogleServiceInfo */,
				3D6DFF2926353E3E00C30DD1 /* AppDelegate.swift */,
				3D6DFF2D26353E3E00C30DD1 /* ViewController.swift */,
				3D6DFF3726353E3F00C30DD1 /* Info.plist */,
				3D6DFF7F263546EA00C30DD1 /* LaunchScreen.storyboard */,
			);
			path = PatientMoney;
			sourceTree = "<group>";
		};
		3D6DFF3F26353E3F00C30DD1 /* PatientMoneyTests */ = {
			isa = PBXGroup;
			children = (
				3D6DFF4026353E3F00C30DD1 /* PatientMoneyTests.swift */,
				3D6DFF4226353E3F00C30DD1 /* Info.plist */,
			);
			path = PatientMoneyTests;
			sourceTree = "<group>";
		};
		3D6DFF4A26353E3F00C30DD1 /* PatientMoneyUITests */ = {
			isa = PBXGroup;
			children = (
				3D6DFF4B26353E3F00C30DD1 /* PatientMoneyUITests.swift */,
				3D6DFF4D26353E3F00C30DD1 /* Info.plist */,
			);
			path = PatientMoneyUITests;
			sourceTree = "<group>";
		};
		3D6DFF8A263548B200C30DD1 /* Frameworks */ = {
			isa = PBXGroup;
			children = (
				3D6D012D26355E4500C30DD1 /* MBCircularProgressBar.framework.dSYM */,
				3D6D00AD26355BA500C30DD1 /* abseil.framework */,
				3D6D00A226355BA400C30DD1 /* BoringSSL-GRPC.framework */,
				3D6D00B026355BA500C30DD1 /* FIRAnalyticsConnector.framework */,
				3D6D00A426355BA400C30DD1 /* Firebase.framework */,
				3D6D00B126355BA500C30DD1 /* FirebaseAnalytics.framework */,
				3D6D00AB26355BA500C30DD1 /* FirebaseAuth.framework */,
				3D6D00AE26355BA500C30DD1 /* FirebaseCore.framework */,
				3D6D00AC26355BA500C30DD1 /* FirebaseCoreDiagnostics.framework */,
				3D6D00A126355BA400C30DD1 /* FirebaseFirestore.framework */,
				3D6D00A326355BA400C30DD1 /* FirebaseInstallations.framework */,
				3D6D00AF26355BA500C30DD1 /* GoogleAppMeasurement.framework */,
				3D6D00A526355BA400C30DD1 /* GoogleDataTransport.framework */,
				3D6D00AA26355BA500C30DD1 /* GoogleUtilities.framework */,
				3D6D00A626355BA500C30DD1 /* gRPC-C++.framework */,
				3D6D00A726355BA500C30DD1 /* gRPC-Core.framework */,
				3D6D00A826355BA500C30DD1 /* GTMSessionFetcher.framework */,
				3D6D00B226355BA500C30DD1 /* leveldb-library.framework */,
				3D6D00A926355BA500C30DD1 /* MBCircularProgressBar.framework */,
				3D6D003D2635590100C30DD1 /* Build */,
				3D6DFFF0263555F200C30DD1 /* nanopb.framework */,
				3D6DFFEF263555F200C30DD1 /* PromisesObjC.framework */,
				3D6DFFC1263555E700C30DD1 /* abseil.framework */,
				3D6DFFC8263555E700C30DD1 /* BoringSSL-GRPC.framework */,
				3D6DFFBF263555E700C30DD1 /* FIRAnalyticsConnector.framework */,
				3D6DFFC4263555E700C30DD1 /* Firebase.framework */,
				3D6DFFC6263555E700C30DD1 /* FirebaseAnalytics.framework */,
				3D6DFFC0263555E700C30DD1 /* FirebaseAuth.framework */,
				3D6DFFBD263555E700C30DD1 /* FirebaseCore.framework */,
				3D6DFFCA263555E700C30DD1 /* FirebaseCoreDiagnostics.framework */,
				3D6DFFC3263555E700C30DD1 /* FirebaseFirestore.framework */,
				3D6DFFC2263555E700C30DD1 /* FirebaseInstallations.framework */,
				3D6DFFC5263555E700C30DD1 /* GoogleAppMeasurement.framework */,
				3D6DFFC9263555E700C30DD1 /* GoogleDataTransport.framework */,
				3D6DFFBB263555E700C30DD1 /* GoogleUtilities.framework */,
				3D6DFFBE263555E700C30DD1 /* gRPC-C++.framework */,
				3D6DFFC7263555E700C30DD1 /* gRPC-Core.framework */,
				3D6DFFBA263555E700C30DD1 /* GTMSessionFetcher.framework */,
				3D6DFFBC263555E700C30DD1 /* leveldb-library.framework */,
				3D6DFF8B263548B200C30DD1 /* MBCircularProgressBar.framework */,
			);
			name = Frameworks;
			sourceTree = "<group>";
		};
		3D6DFFB52635548E00C30DD1 /* GoogleServiceInfo */ = {
			isa = PBXGroup;
			children = (
				3D6DFFB6263554B900C30DD1 /* GoogleService-Info.plist */,
			);
			path = GoogleServiceInfo;
			sourceTree = "<group>";
		};
		3DE103D6263A803A00F724B8 /* Firebase */ = {
			isa = PBXGroup;
			children = (
				3DE103D7263A804E00F724B8 /* FirebaseAuthManager.swift */,
			);
			path = Firebase;
			sourceTree = "<group>";
		};
		3DE103E3263ACBC900F724B8 /* Auth */ = {
			isa = PBXGroup;
			children = (
				3DE1044C263C725500F724B8 /* Interactor */,
				3DE1043B263C0C3900F724B8 /* Presenter */,
				3DE10434263C0B0500F724B8 /* Router */,
				3DE103E4263ACBD200F724B8 /* View */,
				3DE10407263B976700F724B8 /* AuthContract.swift */,
			);
			path = Auth;
			sourceTree = "<group>";
		};
		3DE103E4263ACBD200F724B8 /* View */ = {
			isa = PBXGroup;
			children = (
				3DE103E5263ACBE100F724B8 /* AuthViewController.swift */,
				3DE10426263C008900F724B8 /* SignUpViewController.swift */,
				3DE1042A263C013800F724B8 /* SignInViewController.swift */,
			);
			path = View;
			sourceTree = "<group>";
		};
		3DE103EB263AE64900F724B8 /* Extension */ = {
			isa = PBXGroup;
			children = (
				3DE103EC263AE65A00F724B8 /* ColorsExtension.swift */,
				3DE10499263D36E900F724B8 /* NSAttributedStrinfExtension.swift */,
			);
			path = Extension;
			sourceTree = "<group>";
		};
		3DE103F2263AE67100F724B8 /* ViewComponent */ = {
			isa = PBXGroup;
			children = (
				3DE103F3263AE67F00F724B8 /* PatienceTextField.swift */,
				3DE10419263BEDE900F724B8 /* FlatButton.swift */,
			);
			path = ViewComponent;
			sourceTree = "<group>";
		};
		3DE10434263C0B0500F724B8 /* Router */ = {
			isa = PBXGroup;
			children = (
				3DE10435263C0B1000F724B8 /* AuthRouter.swift */,
			);
			path = Router;
			sourceTree = "<group>";
		};
		3DE1043B263C0C3900F724B8 /* Presenter */ = {
			isa = PBXGroup;
			children = (
				3DE1043C263C0C4700F724B8 /* AuthPresenter.swift */,
			);
			path = Presenter;
			sourceTree = "<group>";
		};
		3DE1044C263C725500F724B8 /* Interactor */ = {
			isa = PBXGroup;
			children = (
				3DE10448263C725200F724B8 /*  AuthInteractor.swift */,
			);
			path = Interactor;
			sourceTree = "<group>";
		};
		3DE104AB263D384100F724B8 /* Font */ = {
			isa = PBXGroup;
			children = (
				3DE104A3263D383C00F724B8 /* Font Awesome 5 Brands-Regular-400.otf */,
				3DE104A5263D383C00F724B8 /* Font Awesome 5 Free-Regular-400.otf */,
				3DE104A4263D383C00F724B8 /* Font Awesome 5 Free-Solid-900.otf */,
			);
			path = Font;
			sourceTree = "<group>";
		};
		3DE104AE263D3BC700F724B8 /* PatienceRegister */ = {
			isa = PBXGroup;
			children = (
				3DE104AF263D3BD600F724B8 /* ViewComponent */,
			);
			path = PatienceRegister;
			sourceTree = "<group>";
		};
		3DE104AF263D3BD600F724B8 /* ViewComponent */ = {
			isa = PBXGroup;
			children = (
				3DE104B0263D3BEC00F724B8 /* CategoriesView.swift */,
				3D6B0FDC263D8031009D21A1 /* HeightSelfSizingCollectionView.swift */,
				3D6B0FE6263D85E0009D21A1 /* DateView.swift */,
				3D6B0FF5263E76AA009D21A1 /* DescriptionView.swift */,
			);
			path = ViewComponent;
			sourceTree = "<group>";
		};
/* End PBXGroup section */

/* Begin PBXNativeTarget section */
		3D6DFF2526353E3E00C30DD1 /* PatientMoney */ = {
			isa = PBXNativeTarget;
			buildConfigurationList = 3D6DFF5026353E3F00C30DD1 /* Build configuration list for PBXNativeTarget "PatientMoney" */;
			buildPhases = (
				3DE103AA26382B5800F724B8 /* Run Swiftgen */,
				3D6D016F2635B4D300C30DD1 /* Run Swiftlint */,
				3D6DFF2226353E3E00C30DD1 /* Sources */,
				3D6DFF2326353E3E00C30DD1 /* Frameworks */,
				3D6DFF2426353E3E00C30DD1 /* Resources */,
				3D6D012C26355E4500C30DD1 /* Embed Frameworks */,
			);
			buildRules = (
			);
			dependencies = (
			);
			name = PatientMoney;
			productName = PatientMoney;
			productReference = 3D6DFF2626353E3E00C30DD1 /* PatientMoney.app */;
			productType = "com.apple.product-type.application";
		};
		3D6DFF3B26353E3F00C30DD1 /* PatientMoneyTests */ = {
			isa = PBXNativeTarget;
			buildConfigurationList = 3D6DFF5326353E3F00C30DD1 /* Build configuration list for PBXNativeTarget "PatientMoneyTests" */;
			buildPhases = (
				3D6DFF3826353E3F00C30DD1 /* Sources */,
				3D6DFF3926353E3F00C30DD1 /* Frameworks */,
				3D6DFF3A26353E3F00C30DD1 /* Resources */,
			);
			buildRules = (
			);
			dependencies = (
				3D6DFF3E26353E3F00C30DD1 /* PBXTargetDependency */,
			);
			name = PatientMoneyTests;
			productName = PatientMoneyTests;
			productReference = 3D6DFF3C26353E3F00C30DD1 /* PatientMoneyTests.xctest */;
			productType = "com.apple.product-type.bundle.unit-test";
		};
		3D6DFF4626353E3F00C30DD1 /* PatientMoneyUITests */ = {
			isa = PBXNativeTarget;
			buildConfigurationList = 3D6DFF5626353E3F00C30DD1 /* Build configuration list for PBXNativeTarget "PatientMoneyUITests" */;
			buildPhases = (
				3D6DFF4326353E3F00C30DD1 /* Sources */,
				3D6DFF4426353E3F00C30DD1 /* Frameworks */,
				3D6DFF4526353E3F00C30DD1 /* Resources */,
			);
			buildRules = (
			);
			dependencies = (
				3D6DFF4926353E3F00C30DD1 /* PBXTargetDependency */,
			);
			name = PatientMoneyUITests;
			productName = PatientMoneyUITests;
			productReference = 3D6DFF4726353E3F00C30DD1 /* PatientMoneyUITests.xctest */;
			productType = "com.apple.product-type.bundle.ui-testing";
		};
/* End PBXNativeTarget section */

/* Begin PBXProject section */
		3D6DFF1E26353E3E00C30DD1 /* Project object */ = {
			isa = PBXProject;
			attributes = {
				LastSwiftUpdateCheck = 1240;
				LastUpgradeCheck = 1240;
				TargetAttributes = {
					3D6DFF2526353E3E00C30DD1 = {
						CreatedOnToolsVersion = 12.4;
					};
					3D6DFF3B26353E3F00C30DD1 = {
						CreatedOnToolsVersion = 12.4;
						TestTargetID = 3D6DFF2526353E3E00C30DD1;
					};
					3D6DFF4626353E3F00C30DD1 = {
						CreatedOnToolsVersion = 12.4;
						TestTargetID = 3D6DFF2526353E3E00C30DD1;
					};
				};
			};
			buildConfigurationList = 3D6DFF2126353E3E00C30DD1 /* Build configuration list for PBXProject "PatientMoney" */;
			compatibilityVersion = "Xcode 9.3";
			developmentRegion = en;
			hasScannedForEncodings = 0;
			knownRegions = (
				en,
				Base,
			);
			mainGroup = 3D6DFF1D26353E3E00C30DD1;
			productRefGroup = 3D6DFF2726353E3E00C30DD1 /* Products */;
			projectDirPath = "";
			projectRoot = "";
			targets = (
				3D6DFF2526353E3E00C30DD1 /* PatientMoney */,
				3D6DFF3B26353E3F00C30DD1 /* PatientMoneyTests */,
				3D6DFF4626353E3F00C30DD1 /* PatientMoneyUITests */,
			);
		};
/* End PBXProject section */

/* Begin PBXResourcesBuildPhase section */
		3D6DFF2426353E3E00C30DD1 /* Resources */ = {
			isa = PBXResourcesBuildPhase;
			buildActionMask = 2147483647;
			files = (
				3DE104A6263D383C00F724B8 /* Font Awesome 5 Brands-Regular-400.otf in Resources */,
				3DE104A7263D383C00F724B8 /* Font Awesome 5 Free-Solid-900.otf in Resources */,
				3DE104A8263D383C00F724B8 /* Font Awesome 5 Free-Regular-400.otf in Resources */,
				3D6DFF3326353E3F00C30DD1 /* Assets.xcassets in Resources */,
				3D205C6B26381EAB0058064C /* gRPCCertificates-Cpp.bundle in Resources */,
				3D205C6326381C820058064C /* Localizable.strings in Resources */,
				3D6D0153263576F700C30DD1 /* MBCircularProgressBar.bundle in Resources */,
				3D6DFF80263546EA00C30DD1 /* LaunchScreen.storyboard in Resources */,
				3D6DFFB7263554B900C30DD1 /* GoogleService-Info.plist in Resources */,
			);
			runOnlyForDeploymentPostprocessing = 0;
		};
		3D6DFF3A26353E3F00C30DD1 /* Resources */ = {
			isa = PBXResourcesBuildPhase;
			buildActionMask = 2147483647;
			files = (
			);
			runOnlyForDeploymentPostprocessing = 0;
		};
		3D6DFF4526353E3F00C30DD1 /* Resources */ = {
			isa = PBXResourcesBuildPhase;
			buildActionMask = 2147483647;
			files = (
			);
			runOnlyForDeploymentPostprocessing = 0;
		};
/* End PBXResourcesBuildPhase section */

/* Begin PBXShellScriptBuildPhase section */
		3D6D016F2635B4D300C30DD1 /* Run Swiftlint */ = {
			isa = PBXShellScriptBuildPhase;
			buildActionMask = 2147483647;
			files = (
			);
			inputFileListPaths = (
			);
			inputPaths = (
			);
			name = "Run Swiftlint";
			outputFileListPaths = (
			);
			outputPaths = (
			);
			runOnlyForDeploymentPostprocessing = 0;
			shellPath = /bin/sh;
			shellScript = "if which swiftlint >/dev/null; then\n  swiftlint autocorrect\n  swiftlint\nelse\n  echo \"SwiftLint does not exist, download from https://github.com/realm/SwiftLint\"\nfi\n";
		};
		3DE103AA26382B5800F724B8 /* Run Swiftgen */ = {
			isa = PBXShellScriptBuildPhase;
			buildActionMask = 2147483647;
			files = (
			);
			inputFileListPaths = (
			);
			inputPaths = (
			);
			name = "Run Swiftgen";
			outputFileListPaths = (
			);
			outputPaths = (
			);
			runOnlyForDeploymentPostprocessing = 0;
			shellPath = /bin/sh;
			shellScript = "swiftgen config generate-xcfilelists --config swiftgen --inputs Generated/SwiftGenInput.xcfilelist --outputs Generated/SwiftGenOutput.xcfilelist\n\nswiftgen config run \n\n\n";
		};
/* End PBXShellScriptBuildPhase section */

/* Begin PBXSourcesBuildPhase section */
		3D6DFF2226353E3E00C30DD1 /* Sources */ = {
			isa = PBXSourcesBuildPhase;
			buildActionMask = 2147483647;
			files = (
				3DE10427263C008900F724B8 /* SignUpViewController.swift in Sources */,
				3DE10449263C725200F724B8 /*  AuthInteractor.swift in Sources */,
				3DE1049A263D36E900F724B8 /* NSAttributedStrinfExtension.swift in Sources */,
				3D6B0FDD263D8031009D21A1 /* HeightSelfSizingCollectionView.swift in Sources */,
				3D6B0FEC263E714D009D21A1 /* DateUtils.swift in Sources */,
				3D6DFF2E26353E3E00C30DD1 /* ViewController.swift in Sources */,
				3DE103C82638360000F724B8 /* Strings.swift in Sources */,
				3D6B0FF6263E76AA009D21A1 /* DescriptionView.swift in Sources */,
				3DE10495263D36B500F724B8 /* FontAwesome.swift in Sources */,
				3DE1041A263BEDE900F724B8 /* FlatButton.swift in Sources */,
				3DE103F4263AE67F00F724B8 /* PatienceTextField.swift in Sources */,
				3DE103CC2638360800F724B8 /* Asset.swift in Sources */,
				3D6B0FE7263D85E0009D21A1 /* DateView.swift in Sources */,
				3DE10408263B976700F724B8 /* AuthContract.swift in Sources */,
				3DE103E6263ACBE100F724B8 /* AuthViewController.swift in Sources */,
				3DE1043D263C0C4700F724B8 /* AuthPresenter.swift in Sources */,
				3DE10436263C0B1000F724B8 /* AuthRouter.swift in Sources */,
				3DE1042B263C013800F724B8 /* SignInViewController.swift in Sources */,
				3DE104B1263D3BEC00F724B8 /* CategoriesView.swift in Sources */,
				3D6DFF2A26353E3E00C30DD1 /* AppDelegate.swift in Sources */,
				3DE103ED263AE65A00F724B8 /* ColorsExtension.swift in Sources */,
				3DE103D8263A804E00F724B8 /* FirebaseAuthManager.swift in Sources */,
			);
			runOnlyForDeploymentPostprocessing = 0;
		};
		3D6DFF3826353E3F00C30DD1 /* Sources */ = {
			isa = PBXSourcesBuildPhase;
			buildActionMask = 2147483647;
			files = (
				3D6DFF4126353E3F00C30DD1 /* PatientMoneyTests.swift in Sources */,
			);
			runOnlyForDeploymentPostprocessing = 0;
		};
		3D6DFF4326353E3F00C30DD1 /* Sources */ = {
			isa = PBXSourcesBuildPhase;
			buildActionMask = 2147483647;
			files = (
				3D6DFF4C26353E3F00C30DD1 /* PatientMoneyUITests.swift in Sources */,
			);
			runOnlyForDeploymentPostprocessing = 0;
		};
/* End PBXSourcesBuildPhase section */

/* Begin PBXTargetDependency section */
		3D6DFF3E26353E3F00C30DD1 /* PBXTargetDependency */ = {
			isa = PBXTargetDependency;
			target = 3D6DFF2526353E3E00C30DD1 /* PatientMoney */;
			targetProxy = 3D6DFF3D26353E3F00C30DD1 /* PBXContainerItemProxy */;
		};
		3D6DFF4926353E3F00C30DD1 /* PBXTargetDependency */ = {
			isa = PBXTargetDependency;
			target = 3D6DFF2526353E3E00C30DD1 /* PatientMoney */;
			targetProxy = 3D6DFF4826353E3F00C30DD1 /* PBXContainerItemProxy */;
		};
/* End PBXTargetDependency section */

/* Begin XCBuildConfiguration section */
		3D6DFF4E26353E3F00C30DD1 /* Debug */ = {
			isa = XCBuildConfiguration;
			buildSettings = {
				ALWAYS_SEARCH_USER_PATHS = NO;
				CLANG_ANALYZER_NONNULL = YES;
				CLANG_ANALYZER_NUMBER_OBJECT_CONVERSION = YES_AGGRESSIVE;
				CLANG_CXX_LANGUAGE_STANDARD = "gnu++14";
				CLANG_CXX_LIBRARY = "libc++";
				CLANG_ENABLE_MODULES = YES;
				CLANG_ENABLE_OBJC_ARC = YES;
				CLANG_ENABLE_OBJC_WEAK = YES;
				CLANG_WARN_BLOCK_CAPTURE_AUTORELEASING = YES;
				CLANG_WARN_BOOL_CONVERSION = YES;
				CLANG_WARN_COMMA = YES;
				CLANG_WARN_CONSTANT_CONVERSION = YES;
				CLANG_WARN_DEPRECATED_OBJC_IMPLEMENTATIONS = YES;
				CLANG_WARN_DIRECT_OBJC_ISA_USAGE = YES_ERROR;
				CLANG_WARN_DOCUMENTATION_COMMENTS = YES;
				CLANG_WARN_EMPTY_BODY = YES;
				CLANG_WARN_ENUM_CONVERSION = YES;
				CLANG_WARN_INFINITE_RECURSION = YES;
				CLANG_WARN_INT_CONVERSION = YES;
				CLANG_WARN_NON_LITERAL_NULL_CONVERSION = YES;
				CLANG_WARN_OBJC_IMPLICIT_RETAIN_SELF = YES;
				CLANG_WARN_OBJC_LITERAL_CONVERSION = YES;
				CLANG_WARN_OBJC_ROOT_CLASS = YES_ERROR;
				CLANG_WARN_QUOTED_INCLUDE_IN_FRAMEWORK_HEADER = YES;
				CLANG_WARN_RANGE_LOOP_ANALYSIS = YES;
				CLANG_WARN_STRICT_PROTOTYPES = YES;
				CLANG_WARN_SUSPICIOUS_MOVE = YES;
				CLANG_WARN_UNGUARDED_AVAILABILITY = YES_AGGRESSIVE;
				CLANG_WARN_UNREACHABLE_CODE = YES;
				CLANG_WARN__DUPLICATE_METHOD_MATCH = YES;
				COPY_PHASE_STRIP = NO;
				DEBUG_INFORMATION_FORMAT = dwarf;
				ENABLE_STRICT_OBJC_MSGSEND = YES;
				ENABLE_TESTABILITY = YES;
				GCC_C_LANGUAGE_STANDARD = gnu11;
				GCC_DYNAMIC_NO_PIC = NO;
				GCC_NO_COMMON_BLOCKS = YES;
				GCC_OPTIMIZATION_LEVEL = 0;
				GCC_PREPROCESSOR_DEFINITIONS = (
					"DEBUG=1",
					"$(inherited)",
				);
				GCC_WARN_64_TO_32_BIT_CONVERSION = YES;
				GCC_WARN_ABOUT_RETURN_TYPE = YES_ERROR;
				GCC_WARN_UNDECLARED_SELECTOR = YES;
				GCC_WARN_UNINITIALIZED_AUTOS = YES_AGGRESSIVE;
				GCC_WARN_UNUSED_FUNCTION = YES;
				GCC_WARN_UNUSED_VARIABLE = YES;
				IPHONEOS_DEPLOYMENT_TARGET = 14.4;
				MTL_ENABLE_DEBUG_INFO = INCLUDE_SOURCE;
				MTL_FAST_MATH = YES;
				ONLY_ACTIVE_ARCH = YES;
				SDKROOT = iphoneos;
				SWIFT_ACTIVE_COMPILATION_CONDITIONS = DEBUG;
				SWIFT_OPTIMIZATION_LEVEL = "-Onone";
			};
			name = Debug;
		};
		3D6DFF4F26353E3F00C30DD1 /* Release */ = {
			isa = XCBuildConfiguration;
			buildSettings = {
				ALWAYS_SEARCH_USER_PATHS = NO;
				CLANG_ANALYZER_NONNULL = YES;
				CLANG_ANALYZER_NUMBER_OBJECT_CONVERSION = YES_AGGRESSIVE;
				CLANG_CXX_LANGUAGE_STANDARD = "gnu++14";
				CLANG_CXX_LIBRARY = "libc++";
				CLANG_ENABLE_MODULES = YES;
				CLANG_ENABLE_OBJC_ARC = YES;
				CLANG_ENABLE_OBJC_WEAK = YES;
				CLANG_WARN_BLOCK_CAPTURE_AUTORELEASING = YES;
				CLANG_WARN_BOOL_CONVERSION = YES;
				CLANG_WARN_COMMA = YES;
				CLANG_WARN_CONSTANT_CONVERSION = YES;
				CLANG_WARN_DEPRECATED_OBJC_IMPLEMENTATIONS = YES;
				CLANG_WARN_DIRECT_OBJC_ISA_USAGE = YES_ERROR;
				CLANG_WARN_DOCUMENTATION_COMMENTS = YES;
				CLANG_WARN_EMPTY_BODY = YES;
				CLANG_WARN_ENUM_CONVERSION = YES;
				CLANG_WARN_INFINITE_RECURSION = YES;
				CLANG_WARN_INT_CONVERSION = YES;
				CLANG_WARN_NON_LITERAL_NULL_CONVERSION = YES;
				CLANG_WARN_OBJC_IMPLICIT_RETAIN_SELF = YES;
				CLANG_WARN_OBJC_LITERAL_CONVERSION = YES;
				CLANG_WARN_OBJC_ROOT_CLASS = YES_ERROR;
				CLANG_WARN_QUOTED_INCLUDE_IN_FRAMEWORK_HEADER = YES;
				CLANG_WARN_RANGE_LOOP_ANALYSIS = YES;
				CLANG_WARN_STRICT_PROTOTYPES = YES;
				CLANG_WARN_SUSPICIOUS_MOVE = YES;
				CLANG_WARN_UNGUARDED_AVAILABILITY = YES_AGGRESSIVE;
				CLANG_WARN_UNREACHABLE_CODE = YES;
				CLANG_WARN__DUPLICATE_METHOD_MATCH = YES;
				COPY_PHASE_STRIP = NO;
				DEBUG_INFORMATION_FORMAT = "dwarf-with-dsym";
				ENABLE_NS_ASSERTIONS = NO;
				ENABLE_STRICT_OBJC_MSGSEND = YES;
				GCC_C_LANGUAGE_STANDARD = gnu11;
				GCC_NO_COMMON_BLOCKS = YES;
				GCC_WARN_64_TO_32_BIT_CONVERSION = YES;
				GCC_WARN_ABOUT_RETURN_TYPE = YES_ERROR;
				GCC_WARN_UNDECLARED_SELECTOR = YES;
				GCC_WARN_UNINITIALIZED_AUTOS = YES_AGGRESSIVE;
				GCC_WARN_UNUSED_FUNCTION = YES;
				GCC_WARN_UNUSED_VARIABLE = YES;
				IPHONEOS_DEPLOYMENT_TARGET = 14.4;
				MTL_ENABLE_DEBUG_INFO = NO;
				MTL_FAST_MATH = YES;
				SDKROOT = iphoneos;
				SWIFT_COMPILATION_MODE = wholemodule;
				SWIFT_OPTIMIZATION_LEVEL = "-O";
				VALIDATE_PRODUCT = YES;
			};
			name = Release;
		};
		3D6DFF5126353E3F00C30DD1 /* Debug */ = {
			isa = XCBuildConfiguration;
			buildSettings = {
				ASSETCATALOG_COMPILER_APPICON_NAME = AppIcon;
				ASSETCATALOG_COMPILER_GLOBAL_ACCENT_COLOR_NAME = AccentColor;
				CODE_SIGN_STYLE = Automatic;
				DEVELOPMENT_TEAM = 87QA297FUT;
				FRAMEWORK_SEARCH_PATHS = (
					"$(inherited)",
					"$(PROJECT_DIR)/Carthage/Build/iOS",
				);
				INFOPLIST_FILE = PatientMoney/Info.plist;
				LD_RUNPATH_SEARCH_PATHS = (
					"$(inherited)",
					"@executable_path/Frameworks",
				);
				OTHER_LDFLAGS = "-ObjC";
				PRODUCT_BUNDLE_IDENTIFIER = com.example.kyoyaprog.PatientMoney;
				PRODUCT_NAME = "$(TARGET_NAME)";
				SWIFT_VERSION = 5.0;
				TARGETED_DEVICE_FAMILY = "1,2";
				VALIDATE_WORKSPACE = NO;
			};
			name = Debug;
		};
		3D6DFF5226353E3F00C30DD1 /* Release */ = {
			isa = XCBuildConfiguration;
			buildSettings = {
				ASSETCATALOG_COMPILER_APPICON_NAME = AppIcon;
				ASSETCATALOG_COMPILER_GLOBAL_ACCENT_COLOR_NAME = AccentColor;
				CODE_SIGN_STYLE = Automatic;
				DEVELOPMENT_TEAM = 87QA297FUT;
				FRAMEWORK_SEARCH_PATHS = (
					"$(inherited)",
					"$(PROJECT_DIR)/Carthage/Build/iOS",
				);
				INFOPLIST_FILE = PatientMoney/Info.plist;
				LD_RUNPATH_SEARCH_PATHS = (
					"$(inherited)",
					"@executable_path/Frameworks",
				);
				OTHER_LDFLAGS = "-ObjC";
				PRODUCT_BUNDLE_IDENTIFIER = com.example.kyoyaprog.PatientMoney;
				PRODUCT_NAME = "$(TARGET_NAME)";
				SWIFT_VERSION = 5.0;
				TARGETED_DEVICE_FAMILY = "1,2";
				VALIDATE_WORKSPACE = NO;
			};
			name = Release;
		};
		3D6DFF5426353E3F00C30DD1 /* Debug */ = {
			isa = XCBuildConfiguration;
			buildSettings = {
				ALWAYS_EMBED_SWIFT_STANDARD_LIBRARIES = YES;
				BUNDLE_LOADER = "$(TEST_HOST)";
				CODE_SIGN_STYLE = Automatic;
				DEVELOPMENT_TEAM = 87QA297FUT;
				INFOPLIST_FILE = PatientMoneyTests/Info.plist;
				IPHONEOS_DEPLOYMENT_TARGET = 14.4;
				LD_RUNPATH_SEARCH_PATHS = (
					"$(inherited)",
					"@executable_path/Frameworks",
					"@loader_path/Frameworks",
				);
				PRODUCT_BUNDLE_IDENTIFIER = com.example.kyoyaprog.PatientMoneyTests;
				PRODUCT_NAME = "$(TARGET_NAME)";
				SWIFT_VERSION = 5.0;
				TARGETED_DEVICE_FAMILY = "1,2";
				TEST_HOST = "$(BUILT_PRODUCTS_DIR)/PatientMoney.app/PatientMoney";
			};
			name = Debug;
		};
		3D6DFF5526353E3F00C30DD1 /* Release */ = {
			isa = XCBuildConfiguration;
			buildSettings = {
				ALWAYS_EMBED_SWIFT_STANDARD_LIBRARIES = YES;
				BUNDLE_LOADER = "$(TEST_HOST)";
				CODE_SIGN_STYLE = Automatic;
				DEVELOPMENT_TEAM = 87QA297FUT;
				INFOPLIST_FILE = PatientMoneyTests/Info.plist;
				IPHONEOS_DEPLOYMENT_TARGET = 14.4;
				LD_RUNPATH_SEARCH_PATHS = (
					"$(inherited)",
					"@executable_path/Frameworks",
					"@loader_path/Frameworks",
				);
				PRODUCT_BUNDLE_IDENTIFIER = com.example.kyoyaprog.PatientMoneyTests;
				PRODUCT_NAME = "$(TARGET_NAME)";
				SWIFT_VERSION = 5.0;
				TARGETED_DEVICE_FAMILY = "1,2";
				TEST_HOST = "$(BUILT_PRODUCTS_DIR)/PatientMoney.app/PatientMoney";
			};
			name = Release;
		};
		3D6DFF5726353E3F00C30DD1 /* Debug */ = {
			isa = XCBuildConfiguration;
			buildSettings = {
				ALWAYS_EMBED_SWIFT_STANDARD_LIBRARIES = YES;
				CODE_SIGN_STYLE = Automatic;
				DEVELOPMENT_TEAM = 87QA297FUT;
				INFOPLIST_FILE = PatientMoneyUITests/Info.plist;
				LD_RUNPATH_SEARCH_PATHS = (
					"$(inherited)",
					"@executable_path/Frameworks",
					"@loader_path/Frameworks",
				);
				PRODUCT_BUNDLE_IDENTIFIER = com.example.kyoyaprog.PatientMoneyUITests;
				PRODUCT_NAME = "$(TARGET_NAME)";
				SWIFT_VERSION = 5.0;
				TARGETED_DEVICE_FAMILY = "1,2";
				TEST_TARGET_NAME = PatientMoney;
			};
			name = Debug;
		};
		3D6DFF5826353E3F00C30DD1 /* Release */ = {
			isa = XCBuildConfiguration;
			buildSettings = {
				ALWAYS_EMBED_SWIFT_STANDARD_LIBRARIES = YES;
				CODE_SIGN_STYLE = Automatic;
				DEVELOPMENT_TEAM = 87QA297FUT;
				INFOPLIST_FILE = PatientMoneyUITests/Info.plist;
				LD_RUNPATH_SEARCH_PATHS = (
					"$(inherited)",
					"@executable_path/Frameworks",
					"@loader_path/Frameworks",
				);
				PRODUCT_BUNDLE_IDENTIFIER = com.example.kyoyaprog.PatientMoneyUITests;
				PRODUCT_NAME = "$(TARGET_NAME)";
				SWIFT_VERSION = 5.0;
				TARGETED_DEVICE_FAMILY = "1,2";
				TEST_TARGET_NAME = PatientMoney;
			};
			name = Release;
		};
/* End XCBuildConfiguration section */

/* Begin XCConfigurationList section */
		3D6DFF2126353E3E00C30DD1 /* Build configuration list for PBXProject "PatientMoney" */ = {
			isa = XCConfigurationList;
			buildConfigurations = (
				3D6DFF4E26353E3F00C30DD1 /* Debug */,
				3D6DFF4F26353E3F00C30DD1 /* Release */,
			);
			defaultConfigurationIsVisible = 0;
			defaultConfigurationName = Release;
		};
		3D6DFF5026353E3F00C30DD1 /* Build configuration list for PBXNativeTarget "PatientMoney" */ = {
			isa = XCConfigurationList;
			buildConfigurations = (
				3D6DFF5126353E3F00C30DD1 /* Debug */,
				3D6DFF5226353E3F00C30DD1 /* Release */,
			);
			defaultConfigurationIsVisible = 0;
			defaultConfigurationName = Release;
		};
		3D6DFF5326353E3F00C30DD1 /* Build configuration list for PBXNativeTarget "PatientMoneyTests" */ = {
			isa = XCConfigurationList;
			buildConfigurations = (
				3D6DFF5426353E3F00C30DD1 /* Debug */,
				3D6DFF5526353E3F00C30DD1 /* Release */,
			);
			defaultConfigurationIsVisible = 0;
			defaultConfigurationName = Release;
		};
		3D6DFF5626353E3F00C30DD1 /* Build configuration list for PBXNativeTarget "PatientMoneyUITests" */ = {
			isa = XCConfigurationList;
			buildConfigurations = (
				3D6DFF5726353E3F00C30DD1 /* Debug */,
				3D6DFF5826353E3F00C30DD1 /* Release */,
			);
			defaultConfigurationIsVisible = 0;
			defaultConfigurationName = Release;
		};
/* End XCConfigurationList section */
	};
	rootObject = 3D6DFF1E26353E3E00C30DD1 /* Project object */;
}
